{
  "name": "finni",
  "version": "0.0.1",
  "lockfileVersion": 3,
  "requires": true,
  "packages": {
    "": {
      "name": "finni",
      "version": "0.0.1",
      "hasInstallScript": true,
      "license": "MIT",
      "workspaces": [
        "client",
        "server"
      ],
      "engines": {
        "node": "^20",
        "npm": ">= 10.0.0"
      }
    }
  }
}
